
Microsoft Visual Studio Solution File, Format Version 12.00
# Visual Studio Version 16
VisualStudioVersion = 16.0.29418.71
MinimumVisualStudioVersion = 10.0.40219.1
Project("{FAE04EC0-301F-11D3-BF4B-00C04F79EFBC}") = "Axiom.SxaCustom.Variants", "Axiom.SxaCustom.Variants.csproj", "{DDAA0C94-AC7E-43A5-B733-ACB3EEE624A3}"
EndProject
Global
	GlobalSection(SolutionConfigurationPlatforms) = preSolution
		Debug|Any CPU = Debug|Any CPU
		Release|Any CPU = Release|Any CPU
	EndGlobalSection
	GlobalSection(ProjectConfigurationPlatforms) = postSolution
		{DDAA0C94-AC7E-43A5-B733-ACB3EEE624A3}.Debug|Any CPU.ActiveCfg = Debug|Any CPU
		{DDAA0C94-AC7E-43A5-B733-ACB3EEE624A3}.Debug|Any CPU.Build.0 = Debug|Any CPU
		{DDAA0C94-AC7E-43A5-B733-ACB3EEE624A3}.Release|Any CPU.ActiveCfg = Release|Any CPU
		{DDAA0C94-AC7E-43A5-B733-ACB3EEE624A3}.Release|Any CPU.Build.0 = Release|Any CPU
	EndGlobalSection
	GlobalSection(SolutionProperties) = preSolution
		HideSolutionNode = FALSE
	EndGlobalSection
	GlobalSection(ExtensibilityGlobals) = postSolution
		EnterpriseLibraryConfigurationToolBinariesPathV6 = packages\EnterpriseLibrary.Common.6.0.1304.0\lib\NET45;packages\EnterpriseLibrary.TransientFaultHandling.6.0.1304.0\lib\portable-net45+win+wp8;packages\EnterpriseLibrary.TransientFaultHandling.Caching.6.0.1304.0\lib\NET45;packages\EnterpriseLibrary.TransientFaultHandling.Data.6.0.1304.1\lib\NET45;packages\EnterpriseLibrary.TransientFaultHandling.ServiceBus.6.0.1304.0\lib\NET45;packages\EnterpriseLibrary.TransientFaultHandling.WindowsAzure.Storage.6.0.1304.0\lib\NET45;packages\EnterpriseLibrary.TransientFaultHandling.Configuration.6.0.1304.0\lib\NET45
		SolutionGuid = {99B7868B-42C6-4FC0-8C80-2D9F13854B2A}
	EndGlobalSection
EndGlobal
